
Microsoft Visual Studio Solution File, Format Version 12.00
# Visual Studio Version 17
VisualStudioVersion = 17.3.32929.385
MinimumVisualStudioVersion = 10.0.40219.1
Project("{FAE04EC0-301F-11D3-BF4B-00C04F79EFBC}") = "Task_1", "Task_1\Task_1.csproj", "{0AC01331-A6A0-47C9-B263-3FB84CDE46D7}"
EndProject
Project("{FAE04EC0-301F-11D3-BF4B-00C04F79EFBC}") = "Task_1_Solid", "Task_1_Solid\Task_1_Solid.csproj", "{21CE9544-AF04-4FB6-9BB2-726296D3B004}"
EndProject
Project("{FAE04EC0-301F-11D3-BF4B-00C04F79EFBC}") = "Task_2", "Task_2\Task_2.csproj", "{2B75E1C7-C212-471A-895B-66AE6C773540}"
EndProject
Project("{FAE04EC0-301F-11D3-BF4B-00C04F79EFBC}") = "Task_3", "Task_3\Task_3.csproj", "{8746F864-9BD1-4207-B6A2-74D24B1C82EC}"
EndProject
Project("{FAE04EC0-301F-11D3-BF4B-00C04F79EFBC}") = "Task_4", "Task_4\Task_4.csproj", "{F11DB7E7-80D3-4008-8506-7D7BD518A8FA}"
EndProject
Project("{FAE04EC0-301F-11D3-BF4B-00C04F79EFBC}") = "Task_5", "Task_5\Task_5.csproj", "{DA0054F3-B55A-485C-9BE3-CFDEAE8DC498}"
EndProject
Project("{2150E333-8FDC-42A3-9474-1A3956D46DE8}") = "Doc", "Doc", "{092C9821-333E-49CB-ABCC-36FC2BAAC771}"
	ProjectSection(SolutionItems) = preProject
		Doc\Ответы.pdf = Doc\Ответы.pdf
	EndProjectSection
EndProject
Project("{2150E333-8FDC-42A3-9474-1A3956D46DE8}") = "Элементы решения", "Элементы решения", "{D5991721-AD0D-4CEC-90C3-9D50727E668B}"
	ProjectSection(SolutionItems) = preProject
		README.md = README.md
	EndProjectSection
EndProject
Project("{FAE04EC0-301F-11D3-BF4B-00C04F79EFBC}") = "Task_5_Tests", "Task_5_Tests\Task_5_Tests.csproj", "{A06C96CA-0A9C-40D9-BD0E-A7C70A23E4D1}"
EndProject
Project("{2150E333-8FDC-42A3-9474-1A3956D46DE8}") = "Test", "Test", "{57ECC005-3622-45DF-AF7E-586E5C67F479}"
EndProject
Project("{FAE04EC0-301F-11D3-BF4B-00C04F79EFBC}") = "Task_6", "Task_6\Task_6.csproj", "{65F3CB92-ED4E-40C3-B614-4A30E07F89DC}"
EndProject
Project("{FAE04EC0-301F-11D3-BF4B-00C04F79EFBC}") = "Task_6_Tests", "Task_6_Tests\Task_6_Tests.csproj", "{055C80C1-3F49-467C-886C-3AFCABE77E54}"
EndProject
Project("{FAE04EC0-301F-11D3-BF4B-00C04F79EFBC}") = "Task_7", "Task_7\Task_7.csproj", "{FDA90BB0-4481-4B72-99C7-71137709641F}"
EndProject
Project("{FAE04EC0-301F-11D3-BF4B-00C04F79EFBC}") = "Task_7_Tests", "Task_7_Tests\Task_7_Tests.csproj", "{3AD23F6B-715C-4073-8260-C196B76D87E8}"
EndProject
Project("{FAE04EC0-301F-11D3-BF4B-00C04F79EFBC}") = "Task_8", "Task_8\Task_8.csproj", "{011D909D-8F8B-4CAF-B308-EB344207F8FE}"
EndProject
Project("{FAE04EC0-301F-11D3-BF4B-00C04F79EFBC}") = "Task_9", "Task_9\Task_9.csproj", "{EDD8CDF2-8DB4-4AF2-ABA0-814EA5D7B657}"
EndProject
Project("{FAE04EC0-301F-11D3-BF4B-00C04F79EFBC}") = "Task_9_Tests", "Task_9_Tests\Task_9_Tests.csproj", "{507BB877-787E-4F91-A09C-818F0839FBBD}"
EndProject
Project("{FAE04EC0-301F-11D3-BF4B-00C04F79EFBC}") = "Task_10", "Task_10\Task_10.csproj", "{44322024-DF0D-4B27-8D12-E6CB91F85DB2}"
EndProject
Project("{FAE04EC0-301F-11D3-BF4B-00C04F79EFBC}") = "Task_10_Tests", "Task_10_Tests\Task_10_Tests.csproj", "{805389B5-E0C8-43BE-B970-6B0C3C225BA4}"
EndProject
Project("{FAE04EC0-301F-11D3-BF4B-00C04F79EFBC}") = "Task_12", "Task_12\Task_12.csproj", "{F39A3B40-C77F-4EB5-8080-562ACC081769}"
EndProject
Global
	GlobalSection(SolutionConfigurationPlatforms) = preSolution
		Debug|Any CPU = Debug|Any CPU
		Release|Any CPU = Release|Any CPU
	EndGlobalSection
	GlobalSection(ProjectConfigurationPlatforms) = postSolution
		{0AC01331-A6A0-47C9-B263-3FB84CDE46D7}.Debug|Any CPU.ActiveCfg = Debug|Any CPU
		{0AC01331-A6A0-47C9-B263-3FB84CDE46D7}.Debug|Any CPU.Build.0 = Debug|Any CPU
		{0AC01331-A6A0-47C9-B263-3FB84CDE46D7}.Release|Any CPU.ActiveCfg = Release|Any CPU
		{0AC01331-A6A0-47C9-B263-3FB84CDE46D7}.Release|Any CPU.Build.0 = Release|Any CPU
		{21CE9544-AF04-4FB6-9BB2-726296D3B004}.Debug|Any CPU.ActiveCfg = Debug|Any CPU
		{21CE9544-AF04-4FB6-9BB2-726296D3B004}.Debug|Any CPU.Build.0 = Debug|Any CPU
		{21CE9544-AF04-4FB6-9BB2-726296D3B004}.Release|Any CPU.ActiveCfg = Release|Any CPU
		{21CE9544-AF04-4FB6-9BB2-726296D3B004}.Release|Any CPU.Build.0 = Release|Any CPU
		{2B75E1C7-C212-471A-895B-66AE6C773540}.Debug|Any CPU.ActiveCfg = Debug|Any CPU
		{2B75E1C7-C212-471A-895B-66AE6C773540}.Debug|Any CPU.Build.0 = Debug|Any CPU
		{2B75E1C7-C212-471A-895B-66AE6C773540}.Release|Any CPU.ActiveCfg = Release|Any CPU
		{2B75E1C7-C212-471A-895B-66AE6C773540}.Release|Any CPU.Build.0 = Release|Any CPU
		{8746F864-9BD1-4207-B6A2-74D24B1C82EC}.Debug|Any CPU.ActiveCfg = Debug|Any CPU
		{8746F864-9BD1-4207-B6A2-74D24B1C82EC}.Debug|Any CPU.Build.0 = Debug|Any CPU
		{8746F864-9BD1-4207-B6A2-74D24B1C82EC}.Release|Any CPU.ActiveCfg = Release|Any CPU
		{8746F864-9BD1-4207-B6A2-74D24B1C82EC}.Release|Any CPU.Build.0 = Release|Any CPU
		{F11DB7E7-80D3-4008-8506-7D7BD518A8FA}.Debug|Any CPU.ActiveCfg = Debug|Any CPU
		{F11DB7E7-80D3-4008-8506-7D7BD518A8FA}.Debug|Any CPU.Build.0 = Debug|Any CPU
		{F11DB7E7-80D3-4008-8506-7D7BD518A8FA}.Release|Any CPU.ActiveCfg = Release|Any CPU
		{F11DB7E7-80D3-4008-8506-7D7BD518A8FA}.Release|Any CPU.Build.0 = Release|Any CPU
		{DA0054F3-B55A-485C-9BE3-CFDEAE8DC498}.Debug|Any CPU.ActiveCfg = Debug|Any CPU
		{DA0054F3-B55A-485C-9BE3-CFDEAE8DC498}.Debug|Any CPU.Build.0 = Debug|Any CPU
		{DA0054F3-B55A-485C-9BE3-CFDEAE8DC498}.Release|Any CPU.ActiveCfg = Release|Any CPU
		{DA0054F3-B55A-485C-9BE3-CFDEAE8DC498}.Release|Any CPU.Build.0 = Release|Any CPU
		{A06C96CA-0A9C-40D9-BD0E-A7C70A23E4D1}.Debug|Any CPU.ActiveCfg = Debug|Any CPU
		{A06C96CA-0A9C-40D9-BD0E-A7C70A23E4D1}.Debug|Any CPU.Build.0 = Debug|Any CPU
		{A06C96CA-0A9C-40D9-BD0E-A7C70A23E4D1}.Release|Any CPU.ActiveCfg = Release|Any CPU
		{A06C96CA-0A9C-40D9-BD0E-A7C70A23E4D1}.Release|Any CPU.Build.0 = Release|Any CPU
		{65F3CB92-ED4E-40C3-B614-4A30E07F89DC}.Debug|Any CPU.ActiveCfg = Debug|Any CPU
		{65F3CB92-ED4E-40C3-B614-4A30E07F89DC}.Debug|Any CPU.Build.0 = Debug|Any CPU
		{65F3CB92-ED4E-40C3-B614-4A30E07F89DC}.Release|Any CPU.ActiveCfg = Release|Any CPU
		{65F3CB92-ED4E-40C3-B614-4A30E07F89DC}.Release|Any CPU.Build.0 = Release|Any CPU
		{055C80C1-3F49-467C-886C-3AFCABE77E54}.Debug|Any CPU.ActiveCfg = Debug|Any CPU
		{055C80C1-3F49-467C-886C-3AFCABE77E54}.Debug|Any CPU.Build.0 = Debug|Any CPU
		{055C80C1-3F49-467C-886C-3AFCABE77E54}.Release|Any CPU.ActiveCfg = Release|Any CPU
		{055C80C1-3F49-467C-886C-3AFCABE77E54}.Release|Any CPU.Build.0 = Release|Any CPU
		{FDA90BB0-4481-4B72-99C7-71137709641F}.Debug|Any CPU.ActiveCfg = Debug|Any CPU
		{FDA90BB0-4481-4B72-99C7-71137709641F}.Debug|Any CPU.Build.0 = Debug|Any CPU
		{FDA90BB0-4481-4B72-99C7-71137709641F}.Release|Any CPU.ActiveCfg = Release|Any CPU
		{FDA90BB0-4481-4B72-99C7-71137709641F}.Release|Any CPU.Build.0 = Release|Any CPU
		{3AD23F6B-715C-4073-8260-C196B76D87E8}.Debug|Any CPU.ActiveCfg = Debug|Any CPU
		{3AD23F6B-715C-4073-8260-C196B76D87E8}.Debug|Any CPU.Build.0 = Debug|Any CPU
		{3AD23F6B-715C-4073-8260-C196B76D87E8}.Release|Any CPU.ActiveCfg = Release|Any CPU
		{3AD23F6B-715C-4073-8260-C196B76D87E8}.Release|Any CPU.Build.0 = Release|Any CPU
		{011D909D-8F8B-4CAF-B308-EB344207F8FE}.Debug|Any CPU.ActiveCfg = Debug|Any CPU
		{011D909D-8F8B-4CAF-B308-EB344207F8FE}.Debug|Any CPU.Build.0 = Debug|Any CPU
		{011D909D-8F8B-4CAF-B308-EB344207F8FE}.Release|Any CPU.ActiveCfg = Release|Any CPU
		{011D909D-8F8B-4CAF-B308-EB344207F8FE}.Release|Any CPU.Build.0 = Release|Any CPU
		{EDD8CDF2-8DB4-4AF2-ABA0-814EA5D7B657}.Debug|Any CPU.ActiveCfg = Debug|Any CPU
		{EDD8CDF2-8DB4-4AF2-ABA0-814EA5D7B657}.Debug|Any CPU.Build.0 = Debug|Any CPU
		{EDD8CDF2-8DB4-4AF2-ABA0-814EA5D7B657}.Release|Any CPU.ActiveCfg = Release|Any CPU
		{EDD8CDF2-8DB4-4AF2-ABA0-814EA5D7B657}.Release|Any CPU.Build.0 = Release|Any CPU
		{507BB877-787E-4F91-A09C-818F0839FBBD}.Debug|Any CPU.ActiveCfg = Debug|Any CPU
		{507BB877-787E-4F91-A09C-818F0839FBBD}.Debug|Any CPU.Build.0 = Debug|Any CPU
		{507BB877-787E-4F91-A09C-818F0839FBBD}.Release|Any CPU.ActiveCfg = Release|Any CPU
		{507BB877-787E-4F91-A09C-818F0839FBBD}.Release|Any CPU.Build.0 = Release|Any CPU
		{44322024-DF0D-4B27-8D12-E6CB91F85DB2}.Debug|Any CPU.ActiveCfg = Debug|Any CPU
		{44322024-DF0D-4B27-8D12-E6CB91F85DB2}.Debug|Any CPU.Build.0 = Debug|Any CPU
		{44322024-DF0D-4B27-8D12-E6CB91F85DB2}.Release|Any CPU.ActiveCfg = Release|Any CPU
		{44322024-DF0D-4B27-8D12-E6CB91F85DB2}.Release|Any CPU.Build.0 = Release|Any CPU
		{805389B5-E0C8-43BE-B970-6B0C3C225BA4}.Debug|Any CPU.ActiveCfg = Debug|Any CPU
		{805389B5-E0C8-43BE-B970-6B0C3C225BA4}.Debug|Any CPU.Build.0 = Debug|Any CPU
		{805389B5-E0C8-43BE-B970-6B0C3C225BA4}.Release|Any CPU.ActiveCfg = Release|Any CPU
		{805389B5-E0C8-43BE-B970-6B0C3C225BA4}.Release|Any CPU.Build.0 = Release|Any CPU
		{F39A3B40-C77F-4EB5-8080-562ACC081769}.Debug|Any CPU.ActiveCfg = Debug|Any CPU
		{F39A3B40-C77F-4EB5-8080-562ACC081769}.Debug|Any CPU.Build.0 = Debug|Any CPU
		{F39A3B40-C77F-4EB5-8080-562ACC081769}.Release|Any CPU.ActiveCfg = Release|Any CPU
		{F39A3B40-C77F-4EB5-8080-562ACC081769}.Release|Any CPU.Build.0 = Release|Any CPU
	EndGlobalSection
	GlobalSection(SolutionProperties) = preSolution
		HideSolutionNode = FALSE
	EndGlobalSection
	GlobalSection(NestedProjects) = preSolution
		{A06C96CA-0A9C-40D9-BD0E-A7C70A23E4D1} = {57ECC005-3622-45DF-AF7E-586E5C67F479}
		{055C80C1-3F49-467C-886C-3AFCABE77E54} = {57ECC005-3622-45DF-AF7E-586E5C67F479}
		{3AD23F6B-715C-4073-8260-C196B76D87E8} = {57ECC005-3622-45DF-AF7E-586E5C67F479}
		{507BB877-787E-4F91-A09C-818F0839FBBD} = {57ECC005-3622-45DF-AF7E-586E5C67F479}
		{805389B5-E0C8-43BE-B970-6B0C3C225BA4} = {57ECC005-3622-45DF-AF7E-586E5C67F479}
	EndGlobalSection
	GlobalSection(ExtensibilityGlobals) = postSolution
		SolutionGuid = {C5A5074B-2557-42FD-8D76-289362B3F340}
	EndGlobalSection
EndGlobal
