
Microsoft Visual Studio Solution File, Format Version 12.00
# Visual Studio Version 17
VisualStudioVersion = 17.3.32929.385
MinimumVisualStudioVersion = 10.0.40219.1
Project("{FAE04EC0-301F-11D3-BF4B-00C04F79EFBC}") = "Task_1", "Task_1\Task_1.csproj", "{0AC01331-A6A0-47C9-B263-3FB84CDE46D7}"
EndProject
Project("{FAE04EC0-301F-11D3-BF4B-00C04F79EFBC}") = "Task_1_Solid", "Task_1_Solid\Task_1_Solid.csproj", "{21CE9544-AF04-4FB6-9BB2-726296D3B004}"
EndProject
Project("{FAE04EC0-301F-11D3-BF4B-00C04F79EFBC}") = "Task_2", "Task_2\Task_2.csproj", "{2B75E1C7-C212-471A-895B-66AE6C773540}"
EndProject
Project("{FAE04EC0-301F-11D3-BF4B-00C04F79EFBC}") = "Task_3", "Task_3\Task_3.csproj", "{8746F864-9BD1-4207-B6A2-74D24B1C82EC}"
EndProject
Global
	GlobalSection(SolutionConfigurationPlatforms) = preSolution
		Debug|Any CPU = Debug|Any CPU
		Release|Any CPU = Release|Any CPU
	EndGlobalSection
	GlobalSection(ProjectConfigurationPlatforms) = postSolution
		{0AC01331-A6A0-47C9-B263-3FB84CDE46D7}.Debug|Any CPU.ActiveCfg = Debug|Any CPU
		{0AC01331-A6A0-47C9-B263-3FB84CDE46D7}.Debug|Any CPU.Build.0 = Debug|Any CPU
		{0AC01331-A6A0-47C9-B263-3FB84CDE46D7}.Release|Any CPU.ActiveCfg = Release|Any CPU
		{0AC01331-A6A0-47C9-B263-3FB84CDE46D7}.Release|Any CPU.Build.0 = Release|Any CPU
		{21CE9544-AF04-4FB6-9BB2-726296D3B004}.Debug|Any CPU.ActiveCfg = Debug|Any CPU
		{21CE9544-AF04-4FB6-9BB2-726296D3B004}.Debug|Any CPU.Build.0 = Debug|Any CPU
		{21CE9544-AF04-4FB6-9BB2-726296D3B004}.Release|Any CPU.ActiveCfg = Release|Any CPU
		{21CE9544-AF04-4FB6-9BB2-726296D3B004}.Release|Any CPU.Build.0 = Release|Any CPU
		{2B75E1C7-C212-471A-895B-66AE6C773540}.Debug|Any CPU.ActiveCfg = Debug|Any CPU
		{2B75E1C7-C212-471A-895B-66AE6C773540}.Debug|Any CPU.Build.0 = Debug|Any CPU
		{2B75E1C7-C212-471A-895B-66AE6C773540}.Release|Any CPU.ActiveCfg = Release|Any CPU
		{2B75E1C7-C212-471A-895B-66AE6C773540}.Release|Any CPU.Build.0 = Release|Any CPU
		{8746F864-9BD1-4207-B6A2-74D24B1C82EC}.Debug|Any CPU.ActiveCfg = Debug|Any CPU
		{8746F864-9BD1-4207-B6A2-74D24B1C82EC}.Debug|Any CPU.Build.0 = Debug|Any CPU
		{8746F864-9BD1-4207-B6A2-74D24B1C82EC}.Release|Any CPU.ActiveCfg = Release|Any CPU
		{8746F864-9BD1-4207-B6A2-74D24B1C82EC}.Release|Any CPU.Build.0 = Release|Any CPU
	EndGlobalSection
	GlobalSection(SolutionProperties) = preSolution
		HideSolutionNode = FALSE
	EndGlobalSection
	GlobalSection(ExtensibilityGlobals) = postSolution
		SolutionGuid = {C5A5074B-2557-42FD-8D76-289362B3F340}
	EndGlobalSection
EndGlobal
